// !$*UTF8*$!
{
	archiveVersion = 1;
	classes = {
	};
	objectVersion = 56;
	objects = {

/* Begin PBXBuildFile section */
		5D8861DB29B5DBAD00C31E53 /* AppDelegate.swift in Sources */ = {isa = PBXBuildFile; fileRef = 5D8861DA29B5DBAD00C31E53 /* AppDelegate.swift */; };
		5D8861DD29B5DBAD00C31E53 /* SceneDelegate.swift in Sources */ = {isa = PBXBuildFile; fileRef = 5D8861DC29B5DBAD00C31E53 /* SceneDelegate.swift */; };
		5D8861DF29B5DBAD00C31E53 /* ViewController.swift in Sources */ = {isa = PBXBuildFile; fileRef = 5D8861DE29B5DBAD00C31E53 /* ViewController.swift */; };
		5D8861E229B5DBAD00C31E53 /* Main.storyboard in Resources */ = {isa = PBXBuildFile; fileRef = 5D8861E029B5DBAD00C31E53 /* Main.storyboard */; };
		5D8861E429B5DBAE00C31E53 /* Assets.xcassets in Resources */ = {isa = PBXBuildFile; fileRef = 5D8861E329B5DBAE00C31E53 /* Assets.xcassets */; };
		5D8861E729B5DBAE00C31E53 /* LaunchScreen.storyboard in Resources */ = {isa = PBXBuildFile; fileRef = 5D8861E529B5DBAE00C31E53 /* LaunchScreen.storyboard */; };
		5D8861F229B5DC1800C31E53 /* Model.swift in Sources */ = {isa = PBXBuildFile; fileRef = 5D8861F129B5DC1800C31E53 /* Model.swift */; };
		5D8861F429B5DD2000C31E53 /* MyCell.swift in Sources */ = {isa = PBXBuildFile; fileRef = 5D8861F329B5DD2000C31E53 /* MyCell.swift */; };
/* End PBXBuildFile section */

/* Begin PBXFileReference section */
		5D8861D729B5DBAD00C31E53 /* MVC_HW.app */ = {isa = PBXFileReference; explicitFileType = wrapper.application; includeInIndex = 0; path = MVC_HW.app; sourceTree = BUILT_PRODUCTS_DIR; };
		5D8861DA29B5DBAD00C31E53 /* AppDelegate.swift */ = {isa = PBXFileReference; lastKnownFileType = sourcecode.swift; path = AppDelegate.swift; sourceTree = "<group>"; };
		5D8861DC29B5DBAD00C31E53 /* SceneDelegate.swift */ = {isa = PBXFileReference; lastKnownFileType = sourcecode.swift; path = SceneDelegate.swift; sourceTree = "<group>"; };
		5D8861DE29B5DBAD00C31E53 /* ViewController.swift */ = {isa = PBXFileReference; lastKnownFileType = sourcecode.swift; path = ViewController.swift; sourceTree = "<group>"; };
		5D8861E129B5DBAD00C31E53 /* Base */ = {isa = PBXFileReference; lastKnownFileType = file.storyboard; name = Base; path = Base.lproj/Main.storyboard; sourceTree = "<group>"; };
		5D8861E329B5DBAE00C31E53 /* Assets.xcassets */ = {isa = PBXFileReference; lastKnownFileType = folder.assetcatalog; path = Assets.xcassets; sourceTree = "<group>"; };
		5D8861E629B5DBAE00C31E53 /* Base */ = {isa = PBXFileReference; lastKnownFileType = file.storyboard; name = Base; path = Base.lproj/LaunchScreen.storyboard; sourceTree = "<group>"; };
		5D8861E829B5DBAE00C31E53 /* Info.plist */ = {isa = PBXFileReference; lastKnownFileType = text.plist.xml; path = Info.plist; sourceTree = "<group>"; };
		5D8861F129B5DC1800C31E53 /* Model.swift */ = {isa = PBXFileReference; lastKnownFileType = sourcecode.swift; path = Model.swift; sourceTree = "<group>"; };
		5D8861F329B5DD2000C31E53 /* MyCell.swift */ = {isa = PBXFileReference; lastKnownFileType = sourcecode.swift; path = MyCell.swift; sourceTree = "<group>"; };
/* End PBXFileReference section */

/* Begin PBXFrameworksBuildPhase section */
		5D8861D429B5DBAD00C31E53 /* Frameworks */ = {
			isa = PBXFrameworksBuildPhase;
			buildActionMask = 2147483647;
			files = (
			);
			runOnlyForDeploymentPostprocessing = 0;
		};
/* End PBXFrameworksBuildPhase section */

/* Begin PBXGroup section */
		5D8861CE29B5DBAD00C31E53 = {
			isa = PBXGroup;
			children = (
				5D8861D929B5DBAD00C31E53 /* MVC_HW */,
				5D8861D829B5DBAD00C31E53 /* Products */,
			);
			sourceTree = "<group>";
		};
		5D8861D829B5DBAD00C31E53 /* Products */ = {
			isa = PBXGroup;
			children = (
				5D8861D729B5DBAD00C31E53 /* MVC_HW.app */,
			);
			name = Products;
			sourceTree = "<group>";
		};
		5D8861D929B5DBAD00C31E53 /* MVC_HW */ = {
			isa = PBXGroup;
			children = (
				5D8861F029B5DBEF00C31E53 /* Model */,
				5D8861EF29B5DBE700C31E53 /* View */,
				5D8861EE29B5DBDF00C31E53 /* Controller */,
				5D8861DA29B5DBAD00C31E53 /* AppDelegate.swift */,
				5D8861DC29B5DBAD00C31E53 /* SceneDelegate.swift */,
				5D8861E329B5DBAE00C31E53 /* Assets.xcassets */,
				5D8861E829B5DBAE00C31E53 /* Info.plist */,
			);
			path = MVC_HW;
			sourceTree = "<group>";
		};
		5D8861EE29B5DBDF00C31E53 /* Controller */ = {
			isa = PBXGroup;
			children = (
				5D8861DE29B5DBAD00C31E53 /* ViewController.swift */,
				5D8861F329B5DD2000C31E53 /* MyCell.swift */,
			);
			path = Controller;
			sourceTree = "<group>";
		};
		5D8861EF29B5DBE700C31E53 /* View */ = {
			isa = PBXGroup;
			children = (
				5D8861E529B5DBAE00C31E53 /* LaunchScreen.storyboard */,
				5D8861E029B5DBAD00C31E53 /* Main.storyboard */,
			);
			path = View;
			sourceTree = "<group>";
		};
		5D8861F029B5DBEF00C31E53 /* Model */ = {
			isa = PBXGroup;
			children = (
				5D8861F129B5DC1800C31E53 /* Model.swift */,
			);
			path = Model;
			sourceTree = "<group>";
		};
/* End PBXGroup section */

/* Begin PBXNativeTarget section */
		5D8861D629B5DBAD00C31E53 /* MVC_HW */ = {
			isa = PBXNativeTarget;
			buildConfigurationList = 5D8861EB29B5DBAE00C31E53 /* Build configuration list for PBXNativeTarget "MVC_HW" */;
			buildPhases = (
				5D8861D329B5DBAD00C31E53 /* Sources */,
				5D8861D429B5DBAD00C31E53 /* Frameworks */,
				5D8861D529B5DBAD00C31E53 /* Resources */,
			);
			buildRules = (
			);
			dependencies = (
			);
			name = MVC_HW;
			productName = MVC_HW;
			productReference = 5D8861D729B5DBAD00C31E53 /* MVC_HW.app */;
			productType = "com.apple.product-type.application";
		};
/* End PBXNativeTarget section */

/* Begin PBXProject section */
		5D8861CF29B5DBAD00C31E53 /* Project object */ = {
			isa = PBXProject;
			attributes = {
				BuildIndependentTargetsInParallel = 1;
				LastSwiftUpdateCheck = 1420;
				LastUpgradeCheck = 1420;
				TargetAttributes = {
					5D8861D629B5DBAD00C31E53 = {
						CreatedOnToolsVersion = 14.2;
					};
				};
			};
			buildConfigurationList = 5D8861D229B5DBAD00C31E53 /* Build configuration list for PBXProject "MVC_HW" */;
			compatibilityVersion = "Xcode 14.0";
			developmentRegion = en;
			hasScannedForEncodings = 0;
			knownRegions = (
				en,
				Base,
			);
			mainGroup = 5D8861CE29B5DBAD00C31E53;
			productRefGroup = 5D8861D829B5DBAD00C31E53 /* Products */;
			projectDirPath = "";
			projectRoot = "";
			targets = (
				5D8861D629B5DBAD00C31E53 /* MVC_HW */,
			);
		};
/* End PBXProject section */

/* Begin PBXResourcesBuildPhase section */
		5D8861D529B5DBAD00C31E53 /* Resources */ = {
			isa = PBXResourcesBuildPhase;
			buildActionMask = 2147483647;
			files = (
				5D8861E729B5DBAE00C31E53 /* LaunchScreen.storyboard in Resources */,
				5D8861E429B5DBAE00C31E53 /* Assets.xcassets in Resources */,
				5D8861E229B5DBAD00C31E53 /* Main.storyboard in Resources */,
			);
			runOnlyForDeploymentPostprocessing = 0;
		};
/* End PBXResourcesBuildPhase section */

/* Begin PBXSourcesBuildPhase section */
		5D8861D329B5DBAD00C31E53 /* Sources */ = {
			isa = PBXSourcesBuildPhase;
			buildActionMask = 2147483647;
			files = (
				5D8861DF29B5DBAD00C31E53 /* ViewController.swift in Sources */,
				5D8861F429B5DD2000C31E53 /* MyCell.swift in Sources */,
				5D8861DB29B5DBAD00C31E53 /* AppDelegate.swift in Sources */,
				5D8861DD29B5DBAD00C31E53 /* SceneDelegate.swift in Sources */,
				5D8861F229B5DC1800C31E53 /* Model.swift in Sources */,
			);
			runOnlyForDeploymentPostprocessing = 0;
		};
/* End PBXSourcesBuildPhase section */

/* Begin PBXVariantGroup section */
		5D8861E029B5DBAD00C31E53 /* Main.storyboard */ = {
			isa = PBXVariantGroup;
			children = (
				5D8861E129B5DBAD00C31E53 /* Base */,
			);
			name = Main.storyboard;
			sourceTree = "<group>";
		};
		5D8861E529B5DBAE00C31E53 /* LaunchScreen.storyboard */ = {
			isa = PBXVariantGroup;
			children = (
				5D8861E629B5DBAE00C31E53 /* Base */,
			);
			name = LaunchScreen.storyboard;
			sourceTree = "<group>";
		};
/* End PBXVariantGroup section */

/* Begin XCBuildConfiguration section */
		5D8861E929B5DBAE00C31E53 /* Debug */ = {
			isa = XCBuildConfiguration;
			buildSettings = {
				ALWAYS_SEARCH_USER_PATHS = NO;
				CLANG_ANALYZER_NONNULL = YES;
				CLANG_ANALYZER_NUMBER_OBJECT_CONVERSION = YES_AGGRESSIVE;
				CLANG_CXX_LANGUAGE_STANDARD = "gnu++20";
				CLANG_ENABLE_MODULES = YES;
				CLANG_ENABLE_OBJC_ARC = YES;
				CLANG_ENABLE_OBJC_WEAK = YES;
				CLANG_WARN_BLOCK_CAPTURE_AUTORELEASING = YES;
				CLANG_WARN_BOOL_CONVERSION = YES;
				CLANG_WARN_COMMA = YES;
				CLANG_WARN_CONSTANT_CONVERSION = YES;
				CLANG_WARN_DEPRECATED_OBJC_IMPLEMENTATIONS = YES;
				CLANG_WARN_DIRECT_OBJC_ISA_USAGE = YES_ERROR;
				CLANG_WARN_DOCUMENTATION_COMMENTS = YES;
				CLANG_WARN_EMPTY_BODY = YES;
				CLANG_WARN_ENUM_CONVERSION = YES;
				CLANG_WARN_INFINITE_RECURSION = YES;
				CLANG_WARN_INT_CONVERSION = YES;
				CLANG_WARN_NON_LITERAL_NULL_CONVERSION = YES;
				CLANG_WARN_OBJC_IMPLICIT_RETAIN_SELF = YES;
				CLANG_WARN_OBJC_LITERAL_CONVERSION = YES;
				CLANG_WARN_OBJC_ROOT_CLASS = YES_ERROR;
				CLANG_WARN_QUOTED_INCLUDE_IN_FRAMEWORK_HEADER = YES;
				CLANG_WARN_RANGE_LOOP_ANALYSIS = YES;
				CLANG_WARN_STRICT_PROTOTYPES = YES;
				CLANG_WARN_SUSPICIOUS_MOVE = YES;
				CLANG_WARN_UNGUARDED_AVAILABILITY = YES_AGGRESSIVE;
				CLANG_WARN_UNREACHABLE_CODE = YES;
				CLANG_WARN__DUPLICATE_METHOD_MATCH = YES;
				COPY_PHASE_STRIP = NO;
				DEBUG_INFORMATION_FORMAT = dwarf;
				ENABLE_STRICT_OBJC_MSGSEND = YES;
				ENABLE_TESTABILITY = YES;
				GCC_C_LANGUAGE_STANDARD = gnu11;
				GCC_DYNAMIC_NO_PIC = NO;
				GCC_NO_COMMON_BLOCKS = YES;
				GCC_OPTIMIZATION_LEVEL = 0;
				GCC_PREPROCESSOR_DEFINITIONS = (
					"DEBUG=1",
					"$(inherited)",
				);
				GCC_WARN_64_TO_32_BIT_CONVERSION = YES;
				GCC_WARN_ABOUT_RETURN_TYPE = YES_ERROR;
				GCC_WARN_UNDECLARED_SELECTOR = YES;
				GCC_WARN_UNINITIALIZED_AUTOS = YES_AGGRESSIVE;
				GCC_WARN_UNUSED_FUNCTION = YES;
				GCC_WARN_UNUSED_VARIABLE = YES;
				IPHONEOS_DEPLOYMENT_TARGET = 16.2;
				MTL_ENABLE_DEBUG_INFO = INCLUDE_SOURCE;
				MTL_FAST_MATH = YES;
				ONLY_ACTIVE_ARCH = YES;
				SDKROOT = iphoneos;
				SWIFT_ACTIVE_COMPILATION_CONDITIONS = DEBUG;
				SWIFT_OPTIMIZATION_LEVEL = "-Onone";
			};
			name = Debug;
		};
		5D8861EA29B5DBAE00C31E53 /* Release */ = {
			isa = XCBuildConfiguration;
			buildSettings = {
				ALWAYS_SEARCH_USER_PATHS = NO;
				CLANG_ANALYZER_NONNULL = YES;
				CLANG_ANALYZER_NUMBER_OBJECT_CONVERSION = YES_AGGRESSIVE;
				CLANG_CXX_LANGUAGE_STANDARD = "gnu++20";
				CLANG_ENABLE_MODULES = YES;
				CLANG_ENABLE_OBJC_ARC = YES;
				CLANG_ENABLE_OBJC_WEAK = YES;
				CLANG_WARN_BLOCK_CAPTURE_AUTORELEASING = YES;
				CLANG_WARN_BOOL_CONVERSION = YES;
				CLANG_WARN_COMMA = YES;
				CLANG_WARN_CONSTANT_CONVERSION = YES;
				CLANG_WARN_DEPRECATED_OBJC_IMPLEMENTATIONS = YES;
				CLANG_WARN_DIRECT_OBJC_ISA_USAGE = YES_ERROR;
				CLANG_WARN_DOCUMENTATION_COMMENTS = YES;
				CLANG_WARN_EMPTY_BODY = YES;
				CLANG_WARN_ENUM_CONVERSION = YES;
				CLANG_WARN_INFINITE_RECURSION = YES;
				CLANG_WARN_INT_CONVERSION = YES;
				CLANG_WARN_NON_LITERAL_NULL_CONVERSION = YES;
				CLANG_WARN_OBJC_IMPLICIT_RETAIN_SELF = YES;
				CLANG_WARN_OBJC_LITERAL_CONVERSION = YES;
				CLANG_WARN_OBJC_ROOT_CLASS = YES_ERROR;
				CLANG_WARN_QUOTED_INCLUDE_IN_FRAMEWORK_HEADER = YES;
				CLANG_WARN_RANGE_LOOP_ANALYSIS = YES;
				CLANG_WARN_STRICT_PROTOTYPES = YES;
				CLANG_WARN_SUSPICIOUS_MOVE = YES;
				CLANG_WARN_UNGUARDED_AVAILABILITY = YES_AGGRESSIVE;
				CLANG_WARN_UNREACHABLE_CODE = YES;
				CLANG_WARN__DUPLICATE_METHOD_MATCH = YES;
				COPY_PHASE_STRIP = NO;
				DEBUG_INFORMATION_FORMAT = "dwarf-with-dsym";
				ENABLE_NS_ASSERTIONS = NO;
				ENABLE_STRICT_OBJC_MSGSEND = YES;
				GCC_C_LANGUAGE_STANDARD = gnu11;
				GCC_NO_COMMON_BLOCKS = YES;
				GCC_WARN_64_TO_32_BIT_CONVERSION = YES;
				GCC_WARN_ABOUT_RETURN_TYPE = YES_ERROR;
				GCC_WARN_UNDECLARED_SELECTOR = YES;
				GCC_WARN_UNINITIALIZED_AUTOS = YES_AGGRESSIVE;
				GCC_WARN_UNUSED_FUNCTION = YES;
				GCC_WARN_UNUSED_VARIABLE = YES;
				IPHONEOS_DEPLOYMENT_TARGET = 16.2;
				MTL_ENABLE_DEBUG_INFO = NO;
				MTL_FAST_MATH = YES;
				SDKROOT = iphoneos;
				SWIFT_COMPILATION_MODE = wholemodule;
				SWIFT_OPTIMIZATION_LEVEL = "-O";
				VALIDATE_PRODUCT = YES;
			};
			name = Release;
		};
		5D8861EC29B5DBAE00C31E53 /* Debug */ = {
			isa = XCBuildConfiguration;
			buildSettings = {
				ASSETCATALOG_COMPILER_APPICON_NAME = AppIcon;
				ASSETCATALOG_COMPILER_GLOBAL_ACCENT_COLOR_NAME = AccentColor;
				CODE_SIGN_STYLE = Automatic;
				CURRENT_PROJECT_VERSION = 1;
				DEVELOPMENT_TEAM = U54N9MV9TR;
				GENERATE_INFOPLIST_FILE = YES;
				INFOPLIST_FILE = MVC_HW/Info.plist;
				INFOPLIST_KEY_UIApplicationSupportsIndirectInputEvents = YES;
				INFOPLIST_KEY_UILaunchStoryboardName = LaunchScreen;
				INFOPLIST_KEY_UIMainStoryboardFile = Main;
				INFOPLIST_KEY_UISupportedInterfaceOrientations_iPad = "UIInterfaceOrientationPortrait UIInterfaceOrientationPortraitUpsideDown UIInterfaceOrientationLandscapeLeft UIInterfaceOrientationLandscapeRight";
				INFOPLIST_KEY_UISupportedInterfaceOrientations_iPhone = "UIInterfaceOrientationPortrait UIInterfaceOrientationLandscapeLeft UIInterfaceOrientationLandscapeRight";
				LD_RUNPATH_SEARCH_PATHS = (
					"$(inherited)",
					"@executable_path/Frameworks",
				);
				MARKETING_VERSION = 1.0;
				PRODUCT_BUNDLE_IDENTIFIER = "Egor-Kruglov.MVC-HW";
				PRODUCT_NAME = "$(TARGET_NAME)";
				SWIFT_EMIT_LOC_STRINGS = YES;
				SWIFT_VERSION = 5.0;
				TARGETED_DEVICE_FAMILY = "1,2";
			};
			name = Debug;
		};
		5D8861ED29B5DBAE00C31E53 /* Release */ = {
			isa = XCBuildConfiguration;
			buildSettings = {
				ASSETCATALOG_COMPILER_APPICON_NAME = AppIcon;
				ASSETCATALOG_COMPILER_GLOBAL_ACCENT_COLOR_NAME = AccentColor;
				CODE_SIGN_STYLE = Automatic;
				CURRENT_PROJECT_VERSION = 1;
				DEVELOPMENT_TEAM = U54N9MV9TR;
				GENERATE_INFOPLIST_FILE = YES;
				INFOPLIST_FILE = MVC_HW/Info.plist;
				INFOPLIST_KEY_UIApplicationSupportsIndirectInputEvents = YES;
				INFOPLIST_KEY_UILaunchStoryboardName = LaunchScreen;
				INFOPLIST_KEY_UIMainStoryboardFile = Main;
				INFOPLIST_KEY_UISupportedInterfaceOrientations_iPad = "UIInterfaceOrientationPortrait UIInterfaceOrientationPortraitUpsideDown UIInterfaceOrientationLandscapeLeft UIInterfaceOrientationLandscapeRight";
				INFOPLIST_KEY_UISupportedInterfaceOrientations_iPhone = "UIInterfaceOrientationPortrait UIInterfaceOrientationLandscapeLeft UIInterfaceOrientationLandscapeRight";
				LD_RUNPATH_SEARCH_PATHS = (
					"$(inherited)",
					"@executable_path/Frameworks",
				);
				MARKETING_VERSION = 1.0;
				PRODUCT_BUNDLE_IDENTIFIER = "Egor-Kruglov.MVC-HW";
				PRODUCT_NAME = "$(TARGET_NAME)";
				SWIFT_EMIT_LOC_STRINGS = YES;
				SWIFT_VERSION = 5.0;
				TARGETED_DEVICE_FAMILY = "1,2";
			};
			name = Release;
		};
/* End XCBuildConfiguration section */

/* Begin XCConfigurationList section */
		5D8861D229B5DBAD00C31E53 /* Build configuration list for PBXProject "MVC_HW" */ = {
			isa = XCConfigurationList;
			buildConfigurations = (
				5D8861E929B5DBAE00C31E53 /* Debug */,
				5D8861EA29B5DBAE00C31E53 /* Release */,
			);
			defaultConfigurationIsVisible = 0;
			defaultConfigurationName = Release;
		};
		5D8861EB29B5DBAE00C31E53 /* Build configuration list for PBXNativeTarget "MVC_HW" */ = {
			isa = XCConfigurationList;
			buildConfigurations = (
				5D8861EC29B5DBAE00C31E53 /* Debug */,
				5D8861ED29B5DBAE00C31E53 /* Release */,
			);
			defaultConfigurationIsVisible = 0;
			defaultConfigurationName = Release;
		};
/* End XCConfigurationList section */
	};
	rootObject = 5D8861CF29B5DBAD00C31E53 /* Project object */;
}
